Microsoft Visual Studio Solution File, Format Version 11.00
# Visual Studio 2008

Project("{E5279FE2-9E7A-813B-DB5D-E2D1F6A1E8DB}") = "Quoridor", "Assembly-CSharp.csproj", "{D2B0CA95-1CE6-5403-7491-59EBB2D7F3E6}"
EndProject
Global
	GlobalSection(SolutionConfigurationPlatforms) = preSolution
		Debug|Any CPU = Debug|Any CPU
		Release|Any CPU = Release|Any CPU
	EndGlobalSection
	GlobalSection(ProjectConfigurationPlatforms) = postSolution
		{D2B0CA95-1CE6-5403-7491-59EBB2D7F3E6}.Debug|Any CPU.ActiveCfg = Debug|Any CPU
		{D2B0CA95-1CE6-5403-7491-59EBB2D7F3E6}.Debug|Any CPU.Build.0 = Debug|Any CPU
		{D2B0CA95-1CE6-5403-7491-59EBB2D7F3E6}.Release|Any CPU.ActiveCfg = Release|Any CPU
		{D2B0CA95-1CE6-5403-7491-59EBB2D7F3E6}.Release|Any CPU.Build.0 = Release|Any CPU
	EndGlobalSection
	GlobalSection(SolutionProperties) = preSolution
		HideSolutionNode = FALSE
	EndGlobalSection
	GlobalSection(MonoDevelopProperties) = preSolution
		StartupItem = Assembly-CSharp.csproj
	EndGlobalSection
EndGlobal
